// !$*UTF8*$!
{
	archiveVersion = 1;
	classes = {
	};
	objectVersion = 48;
	objects = {

/* Begin PBXBuildFile section */
		614B5E9C2B989DFDDD38D6B7 /* Pods_CuckooSample.framework in Frameworks */ = {isa = PBXBuildFile; fileRef = 8A445C44CC484E91DD47267A /* Pods_CuckooSample.framework */; };
		D7416E84346D9CD25DAF9760 /* Pods_CuckooSampleTests.framework in Frameworks */ = {isa = PBXBuildFile; fileRef = 88CE311F389F8EDEB51CEAF7 /* Pods_CuckooSampleTests.framework */; };
		DC4140D2206DCC6E005B8668 /* UserRepository.swift in Sources */ = {isa = PBXBuildFile; fileRef = DC4140D1206DCC6E005B8668 /* UserRepository.swift */; };
		DC4140D4206DD354005B8668 /* GeneratedMocks.swift in Sources */ = {isa = PBXBuildFile; fileRef = DC4140D3206DD354005B8668 /* GeneratedMocks.swift */; };
		DCAF8786206CE92400C0C041 /* AppDelegate.swift in Sources */ = {isa = PBXBuildFile; fileRef = DCAF8785206CE92400C0C041 /* AppDelegate.swift */; };
		DCAF8788206CE92400C0C041 /* ViewController.swift in Sources */ = {isa = PBXBuildFile; fileRef = DCAF8787206CE92400C0C041 /* ViewController.swift */; };
		DCAF878B206CE92500C0C041 /* Main.storyboard in Resources */ = {isa = PBXBuildFile; fileRef = DCAF8789206CE92500C0C041 /* Main.storyboard */; };
		DCAF878D206CE92500C0C041 /* Assets.xcassets in Resources */ = {isa = PBXBuildFile; fileRef = DCAF878C206CE92500C0C041 /* Assets.xcassets */; };
		DCAF8790206CE92500C0C041 /* LaunchScreen.storyboard in Resources */ = {isa = PBXBuildFile; fileRef = DCAF878E206CE92500C0C041 /* LaunchScreen.storyboard */; };
		DCAF879B206CE92500C0C041 /* CuckooSampleTests.swift in Sources */ = {isa = PBXBuildFile; fileRef = DCAF879A206CE92500C0C041 /* CuckooSampleTests.swift */; };
/* End PBXBuildFile section */

/* Begin PBXContainerItemProxy section */
		DCAF8797206CE92500C0C041 /* PBXContainerItemProxy */ = {
			isa = PBXContainerItemProxy;
			containerPortal = DCAF877A206CE92400C0C041 /* Project object */;
			proxyType = 1;
			remoteGlobalIDString = DCAF8781206CE92400C0C041;
			remoteInfo = CuckooSample;
		};
/* End PBXContainerItemProxy section */

/* Begin PBXFileReference section */
		0B904925D80267C54EC704FD /* Pods-CuckooSample.release.xcconfig */ = {isa = PBXFileReference; includeInIndex = 1; lastKnownFileType = text.xcconfig; name = "Pods-CuckooSample.release.xcconfig"; path = "Pods/Target Support Files/Pods-CuckooSample/Pods-CuckooSample.release.xcconfig"; sourceTree = "<group>"; };
		0EDCD55A2E9E16751265D41C /* Pods-CuckooSampleTests.debug.xcconfig */ = {isa = PBXFileReference; includeInIndex = 1; lastKnownFileType = text.xcconfig; name = "Pods-CuckooSampleTests.debug.xcconfig"; path = "Pods/Target Support Files/Pods-CuckooSampleTests/Pods-CuckooSampleTests.debug.xcconfig"; sourceTree = "<group>"; };
		88CE311F389F8EDEB51CEAF7 /* Pods_CuckooSampleTests.framework */ = {isa = PBXFileReference; explicitFileType = wrapper.framework; includeInIndex = 0; path = Pods_CuckooSampleTests.framework; sourceTree = BUILT_PRODUCTS_DIR; };
		8A445C44CC484E91DD47267A /* Pods_CuckooSample.framework */ = {isa = PBXFileReference; explicitFileType = wrapper.framework; includeInIndex = 0; path = Pods_CuckooSample.framework; sourceTree = BUILT_PRODUCTS_DIR; };
		A6D1C8683C04C44E6C614B1B /* Pods-CuckooSampleTests.release.xcconfig */ = {isa = PBXFileReference; includeInIndex = 1; lastKnownFileType = text.xcconfig; name = "Pods-CuckooSampleTests.release.xcconfig"; path = "Pods/Target Support Files/Pods-CuckooSampleTests/Pods-CuckooSampleTests.release.xcconfig"; sourceTree = "<group>"; };
		D8DBF74F5C5173DCA673D246 /* Pods-CuckooSample.debug.xcconfig */ = {isa = PBXFileReference; includeInIndex = 1; lastKnownFileType = text.xcconfig; name = "Pods-CuckooSample.debug.xcconfig"; path = "Pods/Target Support Files/Pods-CuckooSample/Pods-CuckooSample.debug.xcconfig"; sourceTree = "<group>"; };
		DC4140D1206DCC6E005B8668 /* UserRepository.swift */ = {isa = PBXFileReference; lastKnownFileType = sourcecode.swift; path = UserRepository.swift; sourceTree = "<group>"; };
		DC4140D3206DD354005B8668 /* GeneratedMocks.swift */ = {isa = PBXFileReference; fileEncoding = 4; lastKnownFileType = sourcecode.swift; path = GeneratedMocks.swift; sourceTree = "<group>"; };
		DCAF8782206CE92400C0C041 /* CuckooSample.app */ = {isa = PBXFileReference; explicitFileType = wrapper.application; includeInIndex = 0; path = CuckooSample.app; sourceTree = BUILT_PRODUCTS_DIR; };
		DCAF8785206CE92400C0C041 /* AppDelegate.swift */ = {isa = PBXFileReference; lastKnownFileType = sourcecode.swift; path = AppDelegate.swift; sourceTree = "<group>"; };
		DCAF8787206CE92400C0C041 /* ViewController.swift */ = {isa = PBXFileReference; lastKnownFileType = sourcecode.swift; path = ViewController.swift; sourceTree = "<group>"; };
		DCAF878A206CE92500C0C041 /* Base */ = {isa = PBXFileReference; lastKnownFileType = file.storyboard; name = Base; path = Base.lproj/Main.storyboard; sourceTree = "<group>"; };
		DCAF878C206CE92500C0C041 /* Assets.xcassets */ = {isa = PBXFileReference; lastKnownFileType = folder.assetcatalog; path = Assets.xcassets; sourceTree = "<group>"; };
		DCAF878F206CE92500C0C041 /* Base */ = {isa = PBXFileReference; lastKnownFileType = file.storyboard; name = Base; path = Base.lproj/LaunchScreen.storyboard; sourceTree = "<group>"; };
		DCAF8791206CE92500C0C041 /* Info.plist */ = {isa = PBXFileReference; lastKnownFileType = text.plist.xml; path = Info.plist; sourceTree = "<group>"; };
		DCAF8796206CE92500C0C041 /* CuckooSampleTests.xctest */ = {isa = PBXFileReference; explicitFileType = wrapper.cfbundle; includeInIndex = 0; path = CuckooSampleTests.xctest; sourceTree = BUILT_PRODUCTS_DIR; };
		DCAF879A206CE92500C0C041 /* CuckooSampleTests.swift */ = {isa = PBXFileReference; lastKnownFileType = sourcecode.swift; path = CuckooSampleTests.swift; sourceTree = "<group>"; };
		DCAF879C206CE92500C0C041 /* Info.plist */ = {isa = PBXFileReference; lastKnownFileType = text.plist.xml; path = Info.plist; sourceTree = "<group>"; };
/* End PBXFileReference section */

/* Begin PBXFrameworksBuildPhase section */
		DCAF877F206CE92400C0C041 /* Frameworks */ = {
			isa = PBXFrameworksBuildPhase;
			buildActionMask = 2147483647;
			files = (
				614B5E9C2B989DFDDD38D6B7 /* Pods_CuckooSample.framework in Frameworks */,
			);
			runOnlyForDeploymentPostprocessing = 0;
		};
		DCAF8793206CE92500C0C041 /* Frameworks */ = {
			isa = PBXFrameworksBuildPhase;
			buildActionMask = 2147483647;
			files = (
				D7416E84346D9CD25DAF9760 /* Pods_CuckooSampleTests.framework in Frameworks */,
			);
			runOnlyForDeploymentPostprocessing = 0;
		};
/* End PBXFrameworksBuildPhase section */

/* Begin PBXGroup section */
		4ECFF2B84DB1FFE4605EB244 /* Pods */ = {
			isa = PBXGroup;
			children = (
				D8DBF74F5C5173DCA673D246 /* Pods-CuckooSample.debug.xcconfig */,
				0B904925D80267C54EC704FD /* Pods-CuckooSample.release.xcconfig */,
				0EDCD55A2E9E16751265D41C /* Pods-CuckooSampleTests.debug.xcconfig */,
				A6D1C8683C04C44E6C614B1B /* Pods-CuckooSampleTests.release.xcconfig */,
			);
			name = Pods;
			sourceTree = "<group>";
		};
		DCAF8779206CE92400C0C041 = {
			isa = PBXGroup;
			children = (
				DCAF8784206CE92400C0C041 /* CuckooSample */,
				DCAF8799206CE92500C0C041 /* CuckooSampleTests */,
				DCAF8783206CE92400C0C041 /* Products */,
				4ECFF2B84DB1FFE4605EB244 /* Pods */,
				EB0BC5AF8C0C5B396313C8E8 /* Frameworks */,
			);
			sourceTree = "<group>";
		};
		DCAF8783206CE92400C0C041 /* Products */ = {
			isa = PBXGroup;
			children = (
				DCAF8782206CE92400C0C041 /* CuckooSample.app */,
				DCAF8796206CE92500C0C041 /* CuckooSampleTests.xctest */,
			);
			name = Products;
			sourceTree = "<group>";
		};
		DCAF8784206CE92400C0C041 /* CuckooSample */ = {
			isa = PBXGroup;
			children = (
				DC4140D1206DCC6E005B8668 /* UserRepository.swift */,
				DCAF8785206CE92400C0C041 /* AppDelegate.swift */,
				DCAF8787206CE92400C0C041 /* ViewController.swift */,
				DCAF8789206CE92500C0C041 /* Main.storyboard */,
				DCAF878C206CE92500C0C041 /* Assets.xcassets */,
				DCAF878E206CE92500C0C041 /* LaunchScreen.storyboard */,
				DCAF8791206CE92500C0C041 /* Info.plist */,
			);
			path = CuckooSample;
			sourceTree = "<group>";
		};
		DCAF8799206CE92500C0C041 /* CuckooSampleTests */ = {
			isa = PBXGroup;
			children = (
				DC4140D3206DD354005B8668 /* GeneratedMocks.swift */,
				DCAF879A206CE92500C0C041 /* CuckooSampleTests.swift */,
				DCAF879C206CE92500C0C041 /* Info.plist */,
			);
			path = CuckooSampleTests;
			sourceTree = "<group>";
		};
		EB0BC5AF8C0C5B396313C8E8 /* Frameworks */ = {
			isa = PBXGroup;
			children = (
				8A445C44CC484E91DD47267A /* Pods_CuckooSample.framework */,
				88CE311F389F8EDEB51CEAF7 /* Pods_CuckooSampleTests.framework */,
			);
			name = Frameworks;
			sourceTree = "<group>";
		};
/* End PBXGroup section */

/* Begin PBXNativeTarget section */
		DCAF8781206CE92400C0C041 /* CuckooSample */ = {
			isa = PBXNativeTarget;
			buildConfigurationList = DCAF879F206CE92500C0C041 /* Build configuration list for PBXNativeTarget "CuckooSample" */;
			buildPhases = (
				FA4874610202E6FB78E9C410 /* [CP] Check Pods Manifest.lock */,
				DCAF877E206CE92400C0C041 /* Sources */,
				DCAF877F206CE92400C0C041 /* Frameworks */,
				DCAF8780206CE92400C0C041 /* Resources */,
				DBCD590BB9B6F0CBF26E2E33 /* [CP] Embed Pods Frameworks */,
				C15CC66C2F1F547D81079D43 /* [CP] Copy Pods Resources */,
			);
			buildRules = (
			);
			dependencies = (
			);
			name = CuckooSample;
			productName = CuckooSample;
			productReference = DCAF8782206CE92400C0C041 /* CuckooSample.app */;
			productType = "com.apple.product-type.application";
		};
		DCAF8795206CE92500C0C041 /* CuckooSampleTests */ = {
			isa = PBXNativeTarget;
			buildConfigurationList = DCAF87A2206CE92500C0C041 /* Build configuration list for PBXNativeTarget "CuckooSampleTests" */;
			buildPhases = (
				ABC673FD8B3DD25A9A0FC848 /* [CP] Check Pods Manifest.lock */,
				DCAF8792206CE92500C0C041 /* Sources */,
				DCAF8793206CE92500C0C041 /* Frameworks */,
				DCAF8794206CE92500C0C041 /* Resources */,
				298F586CA53B0CF654E7E5A0 /* [CP] Embed Pods Frameworks */,
				38778F18F47A19EC5BB7E47F /* [CP] Copy Pods Resources */,
				DC4140D5206DD570005B8668 /* ShellScript */,
			);
			buildRules = (
			);
			dependencies = (
				DCAF8798206CE92500C0C041 /* PBXTargetDependency */,
			);
			name = CuckooSampleTests;
			productName = CuckooSampleTests;
			productReference = DCAF8796206CE92500C0C041 /* CuckooSampleTests.xctest */;
			productType = "com.apple.product-type.bundle.unit-test";
		};
/* End PBXNativeTarget section */

/* Begin PBXProject section */
		DCAF877A206CE92400C0C041 /* Project object */ = {
			isa = PBXProject;
			attributes = {
				LastSwiftUpdateCheck = 0920;
				LastUpgradeCheck = 0920;
				ORGANIZATIONNAME = "Nagisa Inc.";
				TargetAttributes = {
					DCAF8781206CE92400C0C041 = {
						CreatedOnToolsVersion = 9.2;
						ProvisioningStyle = Automatic;
					};
					DCAF8795206CE92500C0C041 = {
						CreatedOnToolsVersion = 9.2;
						ProvisioningStyle = Automatic;
						TestTargetID = DCAF8781206CE92400C0C041;
					};
				};
			};
			buildConfigurationList = DCAF877D206CE92400C0C041 /* Build configuration list for PBXProject "CuckooSample" */;
			compatibilityVersion = "Xcode 8.0";
			developmentRegion = en;
			hasScannedForEncodings = 0;
			knownRegions = (
				en,
				Base,
			);
			mainGroup = DCAF8779206CE92400C0C041;
			productRefGroup = DCAF8783206CE92400C0C041 /* Products */;
			projectDirPath = "";
			projectRoot = "";
			targets = (
				DCAF8781206CE92400C0C041 /* CuckooSample */,
				DCAF8795206CE92500C0C041 /* CuckooSampleTests */,
			);
		};
/* End PBXProject section */

/* Begin PBXResourcesBuildPhase section */
		DCAF8780206CE92400C0C041 /* Resources */ = {
			isa = PBXResourcesBuildPhase;
			buildActionMask = 2147483647;
			files = (
				DCAF8790206CE92500C0C041 /* LaunchScreen.storyboard in Resources */,
				DCAF878D206CE92500C0C041 /* Assets.xcassets in Resources */,
				DCAF878B206CE92500C0C041 /* Main.storyboard in Resources */,
			);
			runOnlyForDeploymentPostprocessing = 0;
		};
		DCAF8794206CE92500C0C041 /* Resources */ = {
			isa = PBXResourcesBuildPhase;
			buildActionMask = 2147483647;
			files = (
			);
			runOnlyForDeploymentPostprocessing = 0;
		};
/* End PBXResourcesBuildPhase section */

/* Begin PBXShellScriptBuildPhase section */
		298F586CA53B0CF654E7E5A0 /* [CP] Embed Pods Frameworks */ = {
			isa = PBXShellScriptBuildPhase;
			buildActionMask = 2147483647;
			files = (
			);
			inputPaths = (
			);
			name = "[CP] Embed Pods Frameworks";
			outputPaths = (
			);
			runOnlyForDeploymentPostprocessing = 0;
			shellPath = /bin/sh;
			shellScript = "\"${SRCROOT}/Pods/Target Support Files/Pods-CuckooSampleTests/Pods-CuckooSampleTests-frameworks.sh\"\n";
			showEnvVarsInLog = 0;
		};
		38778F18F47A19EC5BB7E47F /* [CP] Copy Pods Resources */ = {
			isa = PBXShellScriptBuildPhase;
			buildActionMask = 2147483647;
			files = (
			);
			inputPaths = (
			);
			name = "[CP] Copy Pods Resources";
			outputPaths = (
			);
			runOnlyForDeploymentPostprocessing = 0;
			shellPath = /bin/sh;
			shellScript = "\"${SRCROOT}/Pods/Target Support Files/Pods-CuckooSampleTests/Pods-CuckooSampleTests-resources.sh\"\n";
			showEnvVarsInLog = 0;
		};
		ABC673FD8B3DD25A9A0FC848 /* [CP] Check Pods Manifest.lock */ = {
			isa = PBXShellScriptBuildPhase;
			buildActionMask = 2147483647;
			files = (
			);
			inputPaths = (
				"${PODS_PODFILE_DIR_PATH}/Podfile.lock",
				"${PODS_ROOT}/Manifest.lock",
			);
			name = "[CP] Check Pods Manifest.lock";
			outputPaths = (
				"$(DERIVED_FILE_DIR)/Pods-CuckooSampleTests-checkManifestLockResult.txt",
			);
			runOnlyForDeploymentPostprocessing = 0;
			shellPath = /bin/sh;
			shellScript = "diff \"${PODS_PODFILE_DIR_PATH}/Podfile.lock\" \"${PODS_ROOT}/Manifest.lock\" > /dev/null\nif [ $? != 0 ] ; then\n    # print error to STDERR\n    echo \"error: The sandbox is not in sync with the Podfile.lock. Run 'pod install' or update your CocoaPods installation.\" >&2\n    exit 1\nfi\n# This output is used by Xcode 'outputs' to avoid re-running this script phase.\necho \"SUCCESS\" > \"${SCRIPT_OUTPUT_FILE_0}\"\n";
			showEnvVarsInLog = 0;
		};
		C15CC66C2F1F547D81079D43 /* [CP] Copy Pods Resources */ = {
			isa = PBXShellScriptBuildPhase;
			buildActionMask = 2147483647;
			files = (
			);
			inputPaths = (
			);
			name = "[CP] Copy Pods Resources";
			outputPaths = (
			);
			runOnlyForDeploymentPostprocessing = 0;
			shellPath = /bin/sh;
			shellScript = "\"${SRCROOT}/Pods/Target Support Files/Pods-CuckooSample/Pods-CuckooSample-resources.sh\"\n";
			showEnvVarsInLog = 0;
		};
		DBCD590BB9B6F0CBF26E2E33 /* [CP] Embed Pods Frameworks */ = {
			isa = PBXShellScriptBuildPhase;
			buildActionMask = 2147483647;
			files = (
			);
			inputPaths = (
				"${SRCROOT}/Pods/Target Support Files/Pods-CuckooSample/Pods-CuckooSample-frameworks.sh",
				"${BUILT_PRODUCTS_DIR}/Cuckoo/Cuckoo.framework",
			);
			name = "[CP] Embed Pods Frameworks";
			outputPaths = (
				"${TARGET_BUILD_DIR}/${FRAMEWORKS_FOLDER_PATH}/Cuckoo.framework",
			);
			runOnlyForDeploymentPostprocessing = 0;
			shellPath = /bin/sh;
			shellScript = "\"${SRCROOT}/Pods/Target Support Files/Pods-CuckooSample/Pods-CuckooSample-frameworks.sh\"\n";
			showEnvVarsInLog = 0;
		};
		DC4140D5206DD570005B8668 /* ShellScript */ = {
			isa = PBXShellScriptBuildPhase;
			buildActionMask = 2147483647;
			files = (
			);
			inputPaths = (
				"$(SRCROOT)/CuckooSample/UserRepository.swift",
			);
			outputPaths = (
			);
			runOnlyForDeploymentPostprocessing = 0;
			shellPath = /bin/sh;
			shellScript = "# Define output file. Change \"$PROJECT_DIR/${PROJECT_NAME}Tests\" to your test's root source folder, if it's not the default name.\nOUTPUT_FILE=\"$PROJECT_DIR/${PROJECT_NAME}Tests/GeneratedMocks.swift\"\necho \"Generated Mocks File = $OUTPUT_FILE\"\n\n# Define input directory. Change \"${PROJECT_DIR}/${PROJECT_NAME}\" to your project's root source folder, if it's not the default name.\nINPUT_DIR=\"${PROJECT_DIR}/${PROJECT_NAME}\"\necho \"Mocks Input Directory = $INPUT_DIR\"\n\n# Generate mock files, include as many input files as you'd like to create mocks for.\n\"${PODS_ROOT}/Cuckoo/run\" generate --testable \"$PROJECT_NAME\" \\\n--output \"${OUTPUT_FILE}\"";
		};
		FA4874610202E6FB78E9C410 /* [CP] Check Pods Manifest.lock */ = {
			isa = PBXShellScriptBuildPhase;
			buildActionMask = 2147483647;
			files = (
			);
			inputPaths = (
				"${PODS_PODFILE_DIR_PATH}/Podfile.lock",
				"${PODS_ROOT}/Manifest.lock",
			);
			name = "[CP] Check Pods Manifest.lock";
			outputPaths = (
				"$(DERIVED_FILE_DIR)/Pods-CuckooSample-checkManifestLockResult.txt",
			);
			runOnlyForDeploymentPostprocessing = 0;
			shellPath = /bin/sh;
			shellScript = "diff \"${PODS_PODFILE_DIR_PATH}/Podfile.lock\" \"${PODS_ROOT}/Manifest.lock\" > /dev/null\nif [ $? != 0 ] ; then\n    # print error to STDERR\n    echo \"error: The sandbox is not in sync with the Podfile.lock. Run 'pod install' or update your CocoaPods installation.\" >&2\n    exit 1\nfi\n# This output is used by Xcode 'outputs' to avoid re-running this script phase.\necho \"SUCCESS\" > \"${SCRIPT_OUTPUT_FILE_0}\"\n";
			showEnvVarsInLog = 0;
		};
/* End PBXShellScriptBuildPhase section */

/* Begin PBXSourcesBuildPhase section */
		DCAF877E206CE92400C0C041 /* Sources */ = {
			isa = PBXSourcesBuildPhase;
			buildActionMask = 2147483647;
			files = (
				DCAF8788206CE92400C0C041 /* ViewController.swift in Sources */,
				DCAF8786206CE92400C0C041 /* AppDelegate.swift in Sources */,
				DC4140D2206DCC6E005B8668 /* UserRepository.swift in Sources */,
			);
			runOnlyForDeploymentPostprocessing = 0;
		};
		DCAF8792206CE92500C0C041 /* Sources */ = {
			isa = PBXSourcesBuildPhase;
			buildActionMask = 2147483647;
			files = (
				DCAF879B206CE92500C0C041 /* CuckooSampleTests.swift in Sources */,
				DC4140D4206DD354005B8668 /* GeneratedMocks.swift in Sources */,
			);
			runOnlyForDeploymentPostprocessing = 0;
		};
/* End PBXSourcesBuildPhase section */

/* Begin PBXTargetDependency section */
		DCAF8798206CE92500C0C041 /* PBXTargetDependency */ = {
			isa = PBXTargetDependency;
			target = DCAF8781206CE92400C0C041 /* CuckooSample */;
			targetProxy = DCAF8797206CE92500C0C041 /* PBXContainerItemProxy */;
		};
/* End PBXTargetDependency section */

/* Begin PBXVariantGroup section */
		DCAF8789206CE92500C0C041 /* Main.storyboard */ = {
			isa = PBXVariantGroup;
			children = (
				DCAF878A206CE92500C0C041 /* Base */,
			);
			name = Main.storyboard;
			sourceTree = "<group>";
		};
		DCAF878E206CE92500C0C041 /* LaunchScreen.storyboard */ = {
			isa = PBXVariantGroup;
			children = (
				DCAF878F206CE92500C0C041 /* Base */,
			);
			name = LaunchScreen.storyboard;
			sourceTree = "<group>";
		};
/* End PBXVariantGroup section */

/* Begin XCBuildConfiguration section */
		DCAF879D206CE92500C0C041 /* Debug */ = {
			isa = XCBuildConfiguration;
			buildSettings = {
				ALWAYS_SEARCH_USER_PATHS = NO;
				CLANG_ANALYZER_NONNULL = YES;
				CLANG_ANALYZER_NUMBER_OBJECT_CONVERSION = YES_AGGRESSIVE;
				CLANG_CXX_LANGUAGE_STANDARD = "gnu++14";
				CLANG_CXX_LIBRARY = "libc++";
				CLANG_ENABLE_MODULES = YES;
				CLANG_ENABLE_OBJC_ARC = YES;
				CLANG_WARN_BLOCK_CAPTURE_AUTORELEASING = YES;
				CLANG_WARN_BOOL_CONVERSION = YES;
				CLANG_WARN_COMMA = YES;
				CLANG_WARN_CONSTANT_CONVERSION = YES;
				CLANG_WARN_DIRECT_OBJC_ISA_USAGE = YES_ERROR;
				CLANG_WARN_DOCUMENTATION_COMMENTS = YES;
				CLANG_WARN_EMPTY_BODY = YES;
				CLANG_WARN_ENUM_CONVERSION = YES;
				CLANG_WARN_INFINITE_RECURSION = YES;
				CLANG_WARN_INT_CONVERSION = YES;
				CLANG_WARN_NON_LITERAL_NULL_CONVERSION = YES;
				CLANG_WARN_OBJC_LITERAL_CONVERSION = YES;
				CLANG_WARN_OBJC_ROOT_CLASS = YES_ERROR;
				CLANG_WARN_RANGE_LOOP_ANALYSIS = YES;
				CLANG_WARN_STRICT_PROTOTYPES = YES;
				CLANG_WARN_SUSPICIOUS_MOVE = YES;
				CLANG_WARN_UNGUARDED_AVAILABILITY = YES_AGGRESSIVE;
				CLANG_WARN_UNREACHABLE_CODE = YES;
				CLANG_WARN__DUPLICATE_METHOD_MATCH = YES;
				CODE_SIGN_IDENTITY = "iPhone Developer";
				COPY_PHASE_STRIP = NO;
				DEBUG_INFORMATION_FORMAT = dwarf;
				ENABLE_STRICT_OBJC_MSGSEND = YES;
				ENABLE_TESTABILITY = YES;
				GCC_C_LANGUAGE_STANDARD = gnu11;
				GCC_DYNAMIC_NO_PIC = NO;
				GCC_NO_COMMON_BLOCKS = YES;
				GCC_OPTIMIZATION_LEVEL = 0;
				GCC_PREPROCESSOR_DEFINITIONS = (
					"DEBUG=1",
					"$(inherited)",
				);
				GCC_WARN_64_TO_32_BIT_CONVERSION = YES;
				GCC_WARN_ABOUT_RETURN_TYPE = YES_ERROR;
				GCC_WARN_UNDECLARED_SELECTOR = YES;
				GCC_WARN_UNINITIALIZED_AUTOS = YES_AGGRESSIVE;
				GCC_WARN_UNUSED_FUNCTION = YES;
				GCC_WARN_UNUSED_VARIABLE = YES;
				IPHONEOS_DEPLOYMENT_TARGET = 11.2;
				MTL_ENABLE_DEBUG_INFO = YES;
				ONLY_ACTIVE_ARCH = YES;
				SDKROOT = iphoneos;
				SWIFT_ACTIVE_COMPILATION_CONDITIONS = DEBUG;
				SWIFT_OPTIMIZATION_LEVEL = "-Onone";
			};
			name = Debug;
		};
		DCAF879E206CE92500C0C041 /* Release */ = {
			isa = XCBuildConfiguration;
			buildSettings = {
				ALWAYS_SEARCH_USER_PATHS = NO;
				CLANG_ANALYZER_NONNULL = YES;
				CLANG_ANALYZER_NUMBER_OBJECT_CONVERSION = YES_AGGRESSIVE;
				CLANG_CXX_LANGUAGE_STANDARD = "gnu++14";
				CLANG_CXX_LIBRARY = "libc++";
				CLANG_ENABLE_MODULES = YES;
				CLANG_ENABLE_OBJC_ARC = YES;
				CLANG_WARN_BLOCK_CAPTURE_AUTORELEASING = YES;
				CLANG_WARN_BOOL_CONVERSION = YES;
				CLANG_WARN_COMMA = YES;
				CLANG_WARN_CONSTANT_CONVERSION = YES;
				CLANG_WARN_DIRECT_OBJC_ISA_USAGE = YES_ERROR;
				CLANG_WARN_DOCUMENTATION_COMMENTS = YES;
				CLANG_WARN_EMPTY_BODY = YES;
				CLANG_WARN_ENUM_CONVERSION = YES;
				CLANG_WARN_INFINITE_RECURSION = YES;
				CLANG_WARN_INT_CONVERSION = YES;
				CLANG_WARN_NON_LITERAL_NULL_CONVERSION = YES;
				CLANG_WARN_OBJC_LITERAL_CONVERSION = YES;
				CLANG_WARN_OBJC_ROOT_CLASS = YES_ERROR;
				CLANG_WARN_RANGE_LOOP_ANALYSIS = YES;
				CLANG_WARN_STRICT_PROTOTYPES = YES;
				CLANG_WARN_SUSPICIOUS_MOVE = YES;
				CLANG_WARN_UNGUARDED_AVAILABILITY = YES_AGGRESSIVE;
				CLANG_WARN_UNREACHABLE_CODE = YES;
				CLANG_WARN__DUPLICATE_METHOD_MATCH = YES;
				CODE_SIGN_IDENTITY = "iPhone Developer";
				COPY_PHASE_STRIP = NO;
				DEBUG_INFORMATION_FORMAT = "dwarf-with-dsym";
				ENABLE_NS_ASSERTIONS = NO;
				ENABLE_STRICT_OBJC_MSGSEND = YES;
				GCC_C_LANGUAGE_STANDARD = gnu11;
				GCC_NO_COMMON_BLOCKS = YES;
				GCC_WARN_64_TO_32_BIT_CONVERSION = YES;
				GCC_WARN_ABOUT_RETURN_TYPE = YES_ERROR;
				GCC_WARN_UNDECLARED_SELECTOR = YES;
				GCC_WARN_UNINITIALIZED_AUTOS = YES_AGGRESSIVE;
				GCC_WARN_UNUSED_FUNCTION = YES;
				GCC_WARN_UNUSED_VARIABLE = YES;
				IPHONEOS_DEPLOYMENT_TARGET = 11.2;
				MTL_ENABLE_DEBUG_INFO = NO;
				SDKROOT = iphoneos;
				SWIFT_OPTIMIZATION_LEVEL = "-Owholemodule";
				VALIDATE_PRODUCT = YES;
			};
			name = Release;
		};
		DCAF87A0206CE92500C0C041 /* Debug */ = {
			isa = XCBuildConfiguration;
			baseConfigurationReference = D8DBF74F5C5173DCA673D246 /* Pods-CuckooSample.debug.xcconfig */;
			buildSettings = {
				ASSETCATALOG_COMPILER_APPICON_NAME = AppIcon;
				CODE_SIGN_STYLE = Automatic;
				INFOPLIST_FILE = CuckooSample/Info.plist;
				LD_RUNPATH_SEARCH_PATHS = "$(inherited) @executable_path/Frameworks";
				PRODUCT_BUNDLE_IDENTIFIER = com.coroco3.CuckooSample;
				PRODUCT_NAME = "$(TARGET_NAME)";
				SWIFT_VERSION = 4.0;
				TARGETED_DEVICE_FAMILY = "1,2";
			};
			name = Debug;
		};
		DCAF87A1206CE92500C0C041 /* Release */ = {
			isa = XCBuildConfiguration;
			baseConfigurationReference = 0B904925D80267C54EC704FD /* Pods-CuckooSample.release.xcconfig */;
			buildSettings = {
				ASSETCATALOG_COMPILER_APPICON_NAME = AppIcon;
				CODE_SIGN_STYLE = Automatic;
				INFOPLIST_FILE = CuckooSample/Info.plist;
				LD_RUNPATH_SEARCH_PATHS = "$(inherited) @executable_path/Frameworks";
				PRODUCT_BUNDLE_IDENTIFIER = com.coroco3.CuckooSample;
				PRODUCT_NAME = "$(TARGET_NAME)";
				SWIFT_VERSION = 4.0;
				TARGETED_DEVICE_FAMILY = "1,2";
			};
			name = Release;
		};
		DCAF87A3206CE92500C0C041 /* Debug */ = {
			isa = XCBuildConfiguration;
			baseConfigurationReference = 0EDCD55A2E9E16751265D41C /* Pods-CuckooSampleTests.debug.xcconfig */;
			buildSettings = {
				ALWAYS_EMBED_SWIFT_STANDARD_LIBRARIES = YES;
				BUNDLE_LOADER = "$(TEST_HOST)";
				CODE_SIGN_STYLE = Automatic;
				INFOPLIST_FILE = CuckooSampleTests/Info.plist;
				LD_RUNPATH_SEARCH_PATHS = "$(inherited) @executable_path/Frameworks @loader_path/Frameworks";
				PRODUCT_BUNDLE_IDENTIFIER = com.coroco3.CuckooSampleTests;
				PRODUCT_NAME = "$(TARGET_NAME)";
				SWIFT_VERSION = 4.0;
				TARGETED_DEVICE_FAMILY = "1,2";
				TEST_HOST = "$(BUILT_PRODUCTS_DIR)/CuckooSample.app/CuckooSample";
			};
			name = Debug;
		};
		DCAF87A4206CE92500C0C041 /* Release */ = {
			isa = XCBuildConfiguration;
			baseConfigurationReference = A6D1C8683C04C44E6C614B1B /* Pods-CuckooSampleTests.release.xcconfig */;
			buildSettings = {
				ALWAYS_EMBED_SWIFT_STANDARD_LIBRARIES = YES;
				BUNDLE_LOADER = "$(TEST_HOST)";
				CODE_SIGN_STYLE = Automatic;
				INFOPLIST_FILE = CuckooSampleTests/Info.plist;
				LD_RUNPATH_SEARCH_PATHS = "$(inherited) @executable_path/Frameworks @loader_path/Frameworks";
				PRODUCT_BUNDLE_IDENTIFIER = com.coroco3.CuckooSampleTests;
				PRODUCT_NAME = "$(TARGET_NAME)";
				SWIFT_VERSION = 4.0;
				TARGETED_DEVICE_FAMILY = "1,2";
				TEST_HOST = "$(BUILT_PRODUCTS_DIR)/CuckooSample.app/CuckooSample";
			};
			name = Release;
		};
/* End XCBuildConfiguration section */

/* Begin XCConfigurationList section */
		DCAF877D206CE92400C0C041 /* Build configuration list for PBXProject "CuckooSample" */ = {
			isa = XCConfigurationList;
			buildConfigurations = (
				DCAF879D206CE92500C0C041 /* Debug */,
				DCAF879E206CE92500C0C041 /* Release */,
			);
			defaultConfigurationIsVisible = 0;
			defaultConfigurationName = Release;
		};
		DCAF879F206CE92500C0C041 /* Build configuration list for PBXNativeTarget "CuckooSample" */ = {
			isa = XCConfigurationList;
			buildConfigurations = (
				DCAF87A0206CE92500C0C041 /* Debug */,
				DCAF87A1206CE92500C0C041 /* Release */,
			);
			defaultConfigurationIsVisible = 0;
			defaultConfigurationName = Release;
		};
		DCAF87A2206CE92500C0C041 /* Build configuration list for PBXNativeTarget "CuckooSampleTests" */ = {
			isa = XCConfigurationList;
			buildConfigurations = (
				DCAF87A3206CE92500C0C041 /* Debug */,
				DCAF87A4206CE92500C0C041 /* Release */,
			);
			defaultConfigurationIsVisible = 0;
			defaultConfigurationName = Release;
		};
/* End XCConfigurationList section */
	};
	rootObject = DCAF877A206CE92400C0C041 /* Project object */;
}
